// !$*UTF8*$!
{
	archiveVersion = 1;
	classes = {
	};
	objectVersion = 50;
	objects = {

/* Begin PBXBuildFile section */
		3AAB7CE8223D241A00CC1BA3 /* main.cpp in Sources */ = {isa = PBXBuildFile; fileRef = 3AAB7CE7223D241A00CC1BA3 /* main.cpp */; };
/* End PBXBuildFile section */

/* Begin PBXCopyFilesBuildPhase section */
		3AAB7CDB223D23D800CC1BA3 /* CopyFiles */ = {
			isa = PBXCopyFilesBuildPhase;
			buildActionMask = 2147483647;
			dstPath = /usr/share/man/man1/;
			dstSubfolderSpec = 0;
			files = (
			);
			runOnlyForDeploymentPostprocessing = 1;
		};
/* End PBXCopyFilesBuildPhase section */

/* Begin PBXFileReference section */
		3A0E8099241FA099000C274F /* satellite.hpp */ = {isa = PBXFileReference; lastKnownFileType = sourcecode.cpp.h; path = satellite.hpp; sourceTree = "<group>"; };
		3A0E809A241FA099000C274F /* renderer.hpp */ = {isa = PBXFileReference; lastKnownFileType = sourcecode.cpp.h; path = renderer.hpp; sourceTree = "<group>"; };
		3A0E809B241FA099000C274F /* renderable.hpp */ = {isa = PBXFileReference; lastKnownFileType = sourcecode.cpp.h; path = renderable.hpp; sourceTree = "<group>"; };
		3A0E809C241FA099000C274F /* earth.hpp */ = {isa = PBXFileReference; lastKnownFileType = sourcecode.cpp.h; path = earth.hpp; sourceTree = "<group>"; };
		3A0E809D241FA099000C274F /* observatory.hpp */ = {isa = PBXFileReference; lastKnownFileType = sourcecode.cpp.h; path = observatory.hpp; sourceTree = "<group>"; };
		3A0E809E241FA099000C274F /* sun.hpp */ = {isa = PBXFileReference; lastKnownFileType = sourcecode.cpp.h; path = sun.hpp; sourceTree = "<group>"; };
		3A0E809F241FA099000C274F /* visone.hpp */ = {isa = PBXFileReference; lastKnownFileType = sourcecode.cpp.h; path = visone.hpp; sourceTree = "<group>"; };
		3AAB7CDD223D23D800CC1BA3 /* Visone */ = {isa = PBXFileReference; explicitFileType = "compiled.mach-o.executable"; includeInIndex = 0; path = Visone; sourceTree = BUILT_PRODUCTS_DIR; };
		3AAB7CE7223D241A00CC1BA3 /* main.cpp */ = {isa = PBXFileReference; fileEncoding = 4; lastKnownFileType = sourcecode.cpp.cpp; path = main.cpp; sourceTree = "<group>"; };
/* End PBXFileReference section */

/* Begin PBXFrameworksBuildPhase section */
		3AAB7CDA223D23D800CC1BA3 /* Frameworks */ = {
			isa = PBXFrameworksBuildPhase;
			buildActionMask = 2147483647;
			files = (
			);
			runOnlyForDeploymentPostprocessing = 0;
		};
/* End PBXFrameworksBuildPhase section */

/* Begin PBXGroup section */
		3A0E8098241FA099000C274F /* include */ = {
			isa = PBXGroup;
			children = (
				3A0E8099241FA099000C274F /* satellite.hpp */,
				3A0E809A241FA099000C274F /* renderer.hpp */,
				3A0E809B241FA099000C274F /* renderable.hpp */,
				3A0E809C241FA099000C274F /* earth.hpp */,
				3A0E809D241FA099000C274F /* observatory.hpp */,
				3A0E809E241FA099000C274F /* sun.hpp */,
				3A0E809F241FA099000C274F /* visone.hpp */,
			);
			path = include;
			sourceTree = "<group>";
		};
		3AAB7CD4223D23D800CC1BA3 = {
			isa = PBXGroup;
			children = (
				3A0E8098241FA099000C274F /* include */,
				3AAB7CE7223D241A00CC1BA3 /* main.cpp */,
				3AAB7CDE223D23D800CC1BA3 /* Products */,
			);
			sourceTree = "<group>";
		};
		3AAB7CDE223D23D800CC1BA3 /* Products */ = {
			isa = PBXGroup;
			children = (
				3AAB7CDD223D23D800CC1BA3 /* Visone */,
			);
			name = Products;
			sourceTree = "<group>";
		};
/* End PBXGroup section */

/* Begin PBXNativeTarget section */
		3AAB7CDC223D23D800CC1BA3 /* Visone */ = {
			isa = PBXNativeTarget;
			buildConfigurationList = 3AAB7CE4223D23D800CC1BA3 /* Build configuration list for PBXNativeTarget "Visone" */;
			buildPhases = (
				3AAB7CD9223D23D800CC1BA3 /* Sources */,
				3AAB7CDA223D23D800CC1BA3 /* Frameworks */,
				3AAB7CDB223D23D800CC1BA3 /* CopyFiles */,
			);
			buildRules = (
			);
			dependencies = (
			);
			name = Visone;
			productName = Visone;
			productReference = 3AAB7CDD223D23D800CC1BA3 /* Visone */;
			productType = "com.apple.product-type.tool";
		};
/* End PBXNativeTarget section */

/* Begin PBXProject section */
		3AAB7CD5223D23D800CC1BA3 /* Project object */ = {
			isa = PBXProject;
			attributes = {
				LastUpgradeCheck = 1200;
				ORGANIZATIONNAME = "Leonardo Parisi";
				TargetAttributes = {
					3AAB7CDC223D23D800CC1BA3 = {
						CreatedOnToolsVersion = 10.1;
					};
				};
			};
			buildConfigurationList = 3AAB7CD8223D23D800CC1BA3 /* Build configuration list for PBXProject "Visone" */;
			compatibilityVersion = "Xcode 9.3";
			developmentRegion = en;
			hasScannedForEncodings = 0;
			knownRegions = (
				en,
				Base,
			);
			mainGroup = 3AAB7CD4223D23D800CC1BA3;
			productRefGroup = 3AAB7CDE223D23D800CC1BA3 /* Products */;
			projectDirPath = "";
			projectRoot = "";
			targets = (
				3AAB7CDC223D23D800CC1BA3 /* Visone */,
			);
		};
/* End PBXProject section */

/* Begin PBXSourcesBuildPhase section */
		3AAB7CD9223D23D800CC1BA3 /* Sources */ = {
			isa = PBXSourcesBuildPhase;
			buildActionMask = 2147483647;
			files = (
				3AAB7CE8223D241A00CC1BA3 /* main.cpp in Sources */,
			);
			runOnlyForDeploymentPostprocessing = 0;
		};
/* End PBXSourcesBuildPhase section */

/* Begin XCBuildConfiguration section */
		3AAB7CE2223D23D800CC1BA3 /* Debug */ = {
			isa = XCBuildConfiguration;
			buildSettings = {
				ALWAYS_SEARCH_USER_PATHS = NO;
				CLANG_ANALYZER_NONNULL = YES;
				CLANG_ANALYZER_NUMBER_OBJECT_CONVERSION = YES_AGGRESSIVE;
				CLANG_CXX_LANGUAGE_STANDARD = "gnu++14";
				CLANG_CXX_LIBRARY = "libc++";
				CLANG_ENABLE_MODULES = YES;
				CLANG_ENABLE_OBJC_ARC = YES;
				CLANG_ENABLE_OBJC_WEAK = YES;
				CLANG_WARN_BLOCK_CAPTURE_AUTORELEASING = YES;
				CLANG_WARN_BOOL_CONVERSION = YES;
				CLANG_WARN_COMMA = YES;
				CLANG_WARN_CONSTANT_CONVERSION = YES;
				CLANG_WARN_DEPRECATED_OBJC_IMPLEMENTATIONS = YES;
				CLANG_WARN_DIRECT_OBJC_ISA_USAGE = YES_ERROR;
				CLANG_WARN_DOCUMENTATION_COMMENTS = YES;
				CLANG_WARN_EMPTY_BODY = YES;
				CLANG_WARN_ENUM_CONVERSION = YES;
				CLANG_WARN_INFINITE_RECURSION = YES;
				CLANG_WARN_INT_CONVERSION = YES;
				CLANG_WARN_NON_LITERAL_NULL_CONVERSION = YES;
				CLANG_WARN_OBJC_IMPLICIT_RETAIN_SELF = YES;
				CLANG_WARN_OBJC_LITERAL_CONVERSION = YES;
				CLANG_WARN_OBJC_ROOT_CLASS = YES_ERROR;
				CLANG_WARN_QUOTED_INCLUDE_IN_FRAMEWORK_HEADER = YES;
				CLANG_WARN_RANGE_LOOP_ANALYSIS = YES;
				CLANG_WARN_STRICT_PROTOTYPES = YES;
				CLANG_WARN_SUSPICIOUS_MOVE = YES;
				CLANG_WARN_UNGUARDED_AVAILABILITY = YES_AGGRESSIVE;
				CLANG_WARN_UNREACHABLE_CODE = YES;
				CLANG_WARN__DUPLICATE_METHOD_MATCH = YES;
				CODE_SIGN_IDENTITY = "-";
				COPY_PHASE_STRIP = NO;
				DEBUG_INFORMATION_FORMAT = dwarf;
				ENABLE_STRICT_OBJC_MSGSEND = YES;
				ENABLE_TESTABILITY = YES;
				GCC_C_LANGUAGE_STANDARD = gnu11;
				GCC_DYNAMIC_NO_PIC = NO;
				GCC_NO_COMMON_BLOCKS = YES;
				GCC_OPTIMIZATION_LEVEL = 0;
				GCC_PREPROCESSOR_DEFINITIONS = (
					"DEBUG=1",
					"$(inherited)",
				);
				GCC_WARN_64_TO_32_BIT_CONVERSION = YES;
				GCC_WARN_ABOUT_RETURN_TYPE = YES_ERROR;
				GCC_WARN_UNDECLARED_SELECTOR = YES;
				GCC_WARN_UNINITIALIZED_AUTOS = YES_AGGRESSIVE;
				GCC_WARN_UNUSED_FUNCTION = YES;
				GCC_WARN_UNUSED_VARIABLE = YES;
				HEADER_SEARCH_PATHS = "";
				MACOSX_DEPLOYMENT_TARGET = 11.0;
				MTL_ENABLE_DEBUG_INFO = INCLUDE_SOURCE;
				MTL_FAST_MATH = YES;
				ONLY_ACTIVE_ARCH = YES;
				SDKROOT = macosx;
			};
			name = Debug;
		};
		3AAB7CE3223D23D800CC1BA3 /* Release */ = {
			isa = XCBuildConfiguration;
			buildSettings = {
				ALWAYS_SEARCH_USER_PATHS = NO;
				CLANG_ANALYZER_NONNULL = YES;
				CLANG_ANALYZER_NUMBER_OBJECT_CONVERSION = YES_AGGRESSIVE;
				CLANG_CXX_LANGUAGE_STANDARD = "gnu++14";
				CLANG_CXX_LIBRARY = "libc++";
				CLANG_ENABLE_MODULES = YES;
				CLANG_ENABLE_OBJC_ARC = YES;
				CLANG_ENABLE_OBJC_WEAK = YES;
				CLANG_WARN_BLOCK_CAPTURE_AUTORELEASING = YES;
				CLANG_WARN_BOOL_CONVERSION = YES;
				CLANG_WARN_COMMA = YES;
				CLANG_WARN_CONSTANT_CONVERSION = YES;
				CLANG_WARN_DEPRECATED_OBJC_IMPLEMENTATIONS = YES;
				CLANG_WARN_DIRECT_OBJC_ISA_USAGE = YES_ERROR;
				CLANG_WARN_DOCUMENTATION_COMMENTS = YES;
				CLANG_WARN_EMPTY_BODY = YES;
				CLANG_WARN_ENUM_CONVERSION = YES;
				CLANG_WARN_INFINITE_RECURSION = YES;
				CLANG_WARN_INT_CONVERSION = YES;
				CLANG_WARN_NON_LITERAL_NULL_CONVERSION = YES;
				CLANG_WARN_OBJC_IMPLICIT_RETAIN_SELF = YES;
				CLANG_WARN_OBJC_LITERAL_CONVERSION = YES;
				CLANG_WARN_OBJC_ROOT_CLASS = YES_ERROR;
				CLANG_WARN_QUOTED_INCLUDE_IN_FRAMEWORK_HEADER = YES;
				CLANG_WARN_RANGE_LOOP_ANALYSIS = YES;
				CLANG_WARN_STRICT_PROTOTYPES = YES;
				CLANG_WARN_SUSPICIOUS_MOVE = YES;
				CLANG_WARN_UNGUARDED_AVAILABILITY = YES_AGGRESSIVE;
				CLANG_WARN_UNREACHABLE_CODE = YES;
				CLANG_WARN__DUPLICATE_METHOD_MATCH = YES;
				CODE_SIGN_IDENTITY = "-";
				COPY_PHASE_STRIP = NO;
				DEBUG_INFORMATION_FORMAT = "dwarf-with-dsym";
				ENABLE_NS_ASSERTIONS = NO;
				ENABLE_STRICT_OBJC_MSGSEND = YES;
				GCC_C_LANGUAGE_STANDARD = gnu11;
				GCC_NO_COMMON_BLOCKS = YES;
				GCC_WARN_64_TO_32_BIT_CONVERSION = YES;
				GCC_WARN_ABOUT_RETURN_TYPE = YES_ERROR;
				GCC_WARN_UNDECLARED_SELECTOR = YES;
				GCC_WARN_UNINITIALIZED_AUTOS = YES_AGGRESSIVE;
				GCC_WARN_UNUSED_FUNCTION = YES;
				GCC_WARN_UNUSED_VARIABLE = YES;
				HEADER_SEARCH_PATHS = "";
				MACOSX_DEPLOYMENT_TARGET = 11.0;
				MTL_ENABLE_DEBUG_INFO = NO;
				MTL_FAST_MATH = YES;
				ONLY_ACTIVE_ARCH = YES;
				SDKROOT = macosx;
			};
			name = Release;
		};
		3AAB7CE5223D23D800CC1BA3 /* Debug */ = {
			isa = XCBuildConfiguration;
			buildSettings = {
				CLANG_CXX_LANGUAGE_STANDARD = "gnu++17";
				CLANG_WARN_DOCUMENTATION_COMMENTS = NO;
				CODE_SIGN_IDENTITY = "-";
				CODE_SIGN_STYLE = Automatic;
				HEADER_SEARCH_PATHS = (
					/usr/local/include/,
					/usr/local/include/opencv4,
					/usr/local/include/freetype2/,
				);
				LIBRARY_SEARCH_PATHS = /usr/local/lib;
				OTHER_LDFLAGS = (
					"-lfreetype",
					"-lglad",
					"-lglfw3",
					"-framework",
					Cocoa,
					"-framework",
					IOKit,
					"-framework",
					CoreFoundation,
					"-framework",
					CoreVideo,
					"-framework",
					OpenGL,
					"-lassimp",
					"-lSOIL2",
					"-ltiff",
					"-lcoordFK5",
					"-last2Body",
					"-lastTime",
					"-lastMath",
					"-lSGP4",
					"-lcurl",
					"-lEopSpw",
					"-lastUtils",
					"-lastIOD",
					"-lopencv_highgui",
					"-lopencv_ml",
					"-lopencv_objdetect",
					"-lopencv_photo",
					"-lopencv_stitching",
					"-lopencv_video",
					"-lopencv_calib3d",
					"-lopencv_features2d",
					"-lopencv_flann",
					"-lopencv_videoio",
					"-lopencv_imgcodecs",
					"-lopencv_imgproc",
					"-lopencv_core",
				);
				PRODUCT_NAME = "$(TARGET_NAME)";
			};
			name = Debug;
		};
		3AAB7CE6223D23D800CC1BA3 /* Release */ = {
			isa = XCBuildConfiguration;
			buildSettings = {
				CLANG_CXX_LANGUAGE_STANDARD = "gnu++17";
				CLANG_WARN_DOCUMENTATION_COMMENTS = NO;
				CODE_SIGN_IDENTITY = "-";
				CODE_SIGN_STYLE = Automatic;
				HEADER_SEARCH_PATHS = (
					/usr/local/include/,
					/usr/local/include/opencv4,
					/usr/local/include/freetype2/,
				);
				LIBRARY_SEARCH_PATHS = /usr/local/lib;
				OTHER_LDFLAGS = (
					"-lfreetype",
					"-lglad",
					"-lglfw3",
					"-framework",
					Cocoa,
					"-framework",
					IOKit,
					"-framework",
					CoreFoundation,
					"-framework",
					CoreVideo,
					"-framework",
					OpenGL,
					"-lassimp",
					"-lSOIL2",
					"-ltiff",
					"-lcoordFK5",
					"-last2Body",
					"-lastTime",
					"-lastMath",
					"-lSGP4",
					"-lcurl",
					"-lEopSpw",
					"-lastUtils",
					"-lastIOD",
					"-lopencv_highgui",
					"-lopencv_ml",
					"-lopencv_objdetect",
					"-lopencv_photo",
					"-lopencv_stitching",
					"-lopencv_video",
					"-lopencv_calib3d",
					"-lopencv_features2d",
					"-lopencv_flann",
					"-lopencv_videoio",
					"-lopencv_imgcodecs",
					"-lopencv_imgproc",
					"-lopencv_core",
				);
				PRODUCT_NAME = "$(TARGET_NAME)";
			};
			name = Release;
		};
/* End XCBuildConfiguration section */

/* Begin XCConfigurationList section */
		3AAB7CD8223D23D800CC1BA3 /* Build configuration list for PBXProject "Visone" */ = {
			isa = XCConfigurationList;
			buildConfigurations = (
				3AAB7CE2223D23D800CC1BA3 /* Debug */,
				3AAB7CE3223D23D800CC1BA3 /* Release */,
			);
			defaultConfigurationIsVisible = 0;
			defaultConfigurationName = Release;
		};
		3AAB7CE4223D23D800CC1BA3 /* Build configuration list for PBXNativeTarget "Visone" */ = {
			isa = XCConfigurationList;
			buildConfigurations = (
				3AAB7CE5223D23D800CC1BA3 /* Debug */,
				3AAB7CE6223D23D800CC1BA3 /* Release */,
			);
			defaultConfigurationIsVisible = 0;
			defaultConfigurationName = Release;
		};
/* End XCConfigurationList section */
	};
	rootObject = 3AAB7CD5223D23D800CC1BA3 /* Project object */;
}
